
Microsoft Visual Studio Solution File, Format Version 12.00
# Visual Studio Version 17
VisualStudioVersion = 17.12.35506.116 d17.12
MinimumVisualStudioVersion = 10.0.40219.1
Project("{FAE04EC0-301F-11D3-BF4B-00C04F79EFBC}") = "JoseEstrella_AP1_p2", "JoseEstrella_AP1_p2.csproj", "{4FA0818B-9534-4D0B-A03E-8C506F2073B2}"
EndProject
Global
	GlobalSection(SolutionConfigurationPlatforms) = preSolution
		Debug|Any CPU = Debug|Any CPU
		Release|Any CPU = Release|Any CPU
	EndGlobalSection
	GlobalSection(ProjectConfigurationPlatforms) = postSolution
		{4FA0818B-9534-4D0B-A03E-8C506F2073B2}.Debug|Any CPU.ActiveCfg = Debug|Any CPU
		{4FA0818B-9534-4D0B-A03E-8C506F2073B2}.Debug|Any CPU.Build.0 = Debug|Any CPU
		{4FA0818B-9534-4D0B-A03E-8C506F2073B2}.Release|Any CPU.ActiveCfg = Release|Any CPU
		{4FA0818B-9534-4D0B-A03E-8C506F2073B2}.Release|Any CPU.Build.0 = Release|Any CPU
	EndGlobalSection
	GlobalSection(SolutionProperties) = preSolution
		HideSolutionNode = FALSE
	EndGlobalSection
EndGlobal
